
Microsoft Visual Studio Solution File, Format Version 12.00
# Visual Studio Version 16
VisualStudioVersion = 16.0.31402.337
MinimumVisualStudioVersion = 10.0.40219.1
Project("{FAE04EC0-301F-11D3-BF4B-00C04F79EFBC}") = "GTAVonline Hack generator Randy", "GTAVonline Hack generator Randy\GTAVonline Hack generator Randy.csproj", "{B541A375-BB21-45F0-A039-18400C895CAC}"
EndProject
Global
	GlobalSection(SolutionConfigurationPlatforms) = preSolution
		Debug|Any CPU = Debug|Any CPU
		Release|Any CPU = Release|Any CPU
	EndGlobalSection
	GlobalSection(ProjectConfigurationPlatforms) = postSolution
		{B541A375-BB21-45F0-A039-18400C895CAC}.Debug|Any CPU.ActiveCfg = Debug|Any CPU
		{B541A375-BB21-45F0-A039-18400C895CAC}.Debug|Any CPU.Build.0 = Debug|Any CPU
		{B541A375-BB21-45F0-A039-18400C895CAC}.Release|Any CPU.ActiveCfg = Release|Any CPU
		{B541A375-BB21-45F0-A039-18400C895CAC}.Release|Any CPU.Build.0 = Release|Any CPU
	EndGlobalSection
	GlobalSection(SolutionProperties) = preSolution
		HideSolutionNode = FALSE
	EndGlobalSection
	GlobalSection(ExtensibilityGlobals) = postSolution
		SolutionGuid = {696D77A6-8F10-43B3-ADED-3F6DF0E4DE05}
	EndGlobalSection
EndGlobal
